
Microsoft Visual Studio Solution File, Format Version 12.00
# Visual Studio 14
VisualStudioVersion = 14.0.24720.0
MinimumVisualStudioVersion = 10.0.40219.1
Project("{FAE04EC0-301F-11D3-BF4B-00C04F79EFBC}") = "Anti WannaCry Mutex", "Anti WannaCry Mutex\Anti WannaCry Mutex.csproj", "{538FBE20-D010-4ED2-A9B3-91DA0103FF11}"
EndProject
Project("{FAE04EC0-301F-11D3-BF4B-00C04F79EFBC}") = "Anti WannaCry Mutex Desktop", "Anti WannaCry Mutex Desktop\Anti WannaCry Mutex Desktop.csproj", "{24E087CA-35D4-4CCE-9583-80A1FA087107}"
EndProject
Global
	GlobalSection(SolutionConfigurationPlatforms) = preSolution
		Debug|Any CPU = Debug|Any CPU
		Release|Any CPU = Release|Any CPU
	EndGlobalSection
	GlobalSection(ProjectConfigurationPlatforms) = postSolution
		{538FBE20-D010-4ED2-A9B3-91DA0103FF11}.Debug|Any CPU.ActiveCfg = Debug|Any CPU
		{538FBE20-D010-4ED2-A9B3-91DA0103FF11}.Debug|Any CPU.Build.0 = Debug|Any CPU
		{538FBE20-D010-4ED2-A9B3-91DA0103FF11}.Release|Any CPU.ActiveCfg = Release|Any CPU
		{538FBE20-D010-4ED2-A9B3-91DA0103FF11}.Release|Any CPU.Build.0 = Release|Any CPU
		{24E087CA-35D4-4CCE-9583-80A1FA087107}.Debug|Any CPU.ActiveCfg = Debug|Any CPU
		{24E087CA-35D4-4CCE-9583-80A1FA087107}.Debug|Any CPU.Build.0 = Debug|Any CPU
		{24E087CA-35D4-4CCE-9583-80A1FA087107}.Release|Any CPU.ActiveCfg = Release|Any CPU
		{24E087CA-35D4-4CCE-9583-80A1FA087107}.Release|Any CPU.Build.0 = Release|Any CPU
	EndGlobalSection
	GlobalSection(SolutionProperties) = preSolution
		HideSolutionNode = FALSE
	EndGlobalSection
EndGlobal
